
Microsoft Visual Studio Solution File, Format Version 12.00
# Visual Studio Version 17
VisualStudioVersion = 17.0.32014.148
MinimumVisualStudioVersion = 10.0.40219.1
Project("{FAE04EC0-301F-11D3-BF4B-00C04F79EFBC}") = "Minecraft Launcher", "Minecraft Launcher\Minecraft Launcher.csproj", "{A835C1BC-3FBA-4ED2-95D3-021928E9CD2E}"
EndProject
Project("{FAE04EC0-301F-11D3-BF4B-00C04F79EFBC}") = "Güncelleme", "Güncelleme\Güncelleme.csproj", "{9A3F85C6-87F4-4D74-9BBC-86DE22B62DD5}"
EndProject
Global
	GlobalSection(SolutionConfigurationPlatforms) = preSolution
		Debug|Any CPU = Debug|Any CPU
		Release|Any CPU = Release|Any CPU
	EndGlobalSection
	GlobalSection(ProjectConfigurationPlatforms) = postSolution
		{A835C1BC-3FBA-4ED2-95D3-021928E9CD2E}.Debug|Any CPU.ActiveCfg = Debug|Any CPU
		{A835C1BC-3FBA-4ED2-95D3-021928E9CD2E}.Debug|Any CPU.Build.0 = Debug|Any CPU
		{A835C1BC-3FBA-4ED2-95D3-021928E9CD2E}.Release|Any CPU.ActiveCfg = Release|Any CPU
		{A835C1BC-3FBA-4ED2-95D3-021928E9CD2E}.Release|Any CPU.Build.0 = Release|Any CPU
		{9A3F85C6-87F4-4D74-9BBC-86DE22B62DD5}.Debug|Any CPU.ActiveCfg = Debug|Any CPU
		{9A3F85C6-87F4-4D74-9BBC-86DE22B62DD5}.Debug|Any CPU.Build.0 = Debug|Any CPU
		{9A3F85C6-87F4-4D74-9BBC-86DE22B62DD5}.Release|Any CPU.ActiveCfg = Release|Any CPU
		{9A3F85C6-87F4-4D74-9BBC-86DE22B62DD5}.Release|Any CPU.Build.0 = Release|Any CPU
	EndGlobalSection
	GlobalSection(SolutionProperties) = preSolution
		HideSolutionNode = FALSE
	EndGlobalSection
	GlobalSection(ExtensibilityGlobals) = postSolution
		SolutionGuid = {F490E98A-DD84-4869-84D1-0590A88F5D3B}
	EndGlobalSection
EndGlobal
